// !$*UTF8*$!
{
	archiveVersion = 1;
	classes = {
	};
	objectVersion = 46;
	objects = {

/* Begin PBXBuildFile section */
		9961F6FB1CE8473D0074898A /* AppDelegate.swift in Sources */ = {isa = PBXBuildFile; fileRef = 9961F6FA1CE8473D0074898A /* AppDelegate.swift */; };
		9961F6FD1CE8473D0074898A /* ViewController.swift in Sources */ = {isa = PBXBuildFile; fileRef = 9961F6FC1CE8473D0074898A /* ViewController.swift */; };
		9961F7001CE8473D0074898A /* Main.storyboard in Resources */ = {isa = PBXBuildFile; fileRef = 9961F6FE1CE8473D0074898A /* Main.storyboard */; };
		9961F7021CE8473D0074898A /* Assets.xcassets in Resources */ = {isa = PBXBuildFile; fileRef = 9961F7011CE8473D0074898A /* Assets.xcassets */; };
		9961F7051CE8473D0074898A /* LaunchScreen.storyboard in Resources */ = {isa = PBXBuildFile; fileRef = 9961F7031CE8473D0074898A /* LaunchScreen.storyboard */; };
		9961F7101CE8473D0074898A /* LaunchNotificationTests.swift in Sources */ = {isa = PBXBuildFile; fileRef = 9961F70F1CE8473D0074898A /* LaunchNotificationTests.swift */; };
		9961F71B1CE8473D0074898A /* LaunchNotificationUITests.swift in Sources */ = {isa = PBXBuildFile; fileRef = 9961F71A1CE8473D0074898A /* LaunchNotificationUITests.swift */; };
/* End PBXBuildFile section */

/* Begin PBXContainerItemProxy section */
		9961F70C1CE8473D0074898A /* PBXContainerItemProxy */ = {
			isa = PBXContainerItemProxy;
			containerPortal = 9961F6EF1CE8473C0074898A /* Project object */;
			proxyType = 1;
			remoteGlobalIDString = 9961F6F61CE8473C0074898A;
			remoteInfo = LaunchNotification;
		};
		9961F7171CE8473D0074898A /* PBXContainerItemProxy */ = {
			isa = PBXContainerItemProxy;
			containerPortal = 9961F6EF1CE8473C0074898A /* Project object */;
			proxyType = 1;
			remoteGlobalIDString = 9961F6F61CE8473C0074898A;
			remoteInfo = LaunchNotification;
		};
/* End PBXContainerItemProxy section */

/* Begin PBXFileReference section */
		9961F6F71CE8473C0074898A /* LaunchNotification.app */ = {isa = PBXFileReference; explicitFileType = wrapper.application; includeInIndex = 0; path = LaunchNotification.app; sourceTree = BUILT_PRODUCTS_DIR; };
		9961F6FA1CE8473D0074898A /* AppDelegate.swift */ = {isa = PBXFileReference; lastKnownFileType = sourcecode.swift; path = AppDelegate.swift; sourceTree = "<group>"; };
		9961F6FC1CE8473D0074898A /* ViewController.swift */ = {isa = PBXFileReference; lastKnownFileType = sourcecode.swift; path = ViewController.swift; sourceTree = "<group>"; };
		9961F6FF1CE8473D0074898A /* Base */ = {isa = PBXFileReference; lastKnownFileType = file.storyboard; name = Base; path = Base.lproj/Main.storyboard; sourceTree = "<group>"; };
		9961F7011CE8473D0074898A /* Assets.xcassets */ = {isa = PBXFileReference; lastKnownFileType = folder.assetcatalog; path = Assets.xcassets; sourceTree = "<group>"; };
		9961F7041CE8473D0074898A /* Base */ = {isa = PBXFileReference; lastKnownFileType = file.storyboard; name = Base; path = Base.lproj/LaunchScreen.storyboard; sourceTree = "<group>"; };
		9961F7061CE8473D0074898A /* Info.plist */ = {isa = PBXFileReference; lastKnownFileType = text.plist.xml; path = Info.plist; sourceTree = "<group>"; };
		9961F70B1CE8473D0074898A /* LaunchNotificationTests.xctest */ = {isa = PBXFileReference; explicitFileType = wrapper.cfbundle; includeInIndex = 0; path = LaunchNotificationTests.xctest; sourceTree = BUILT_PRODUCTS_DIR; };
		9961F70F1CE8473D0074898A /* LaunchNotificationTests.swift */ = {isa = PBXFileReference; lastKnownFileType = sourcecode.swift; path = LaunchNotificationTests.swift; sourceTree = "<group>"; };
		9961F7111CE8473D0074898A /* Info.plist */ = {isa = PBXFileReference; lastKnownFileType = text.plist.xml; path = Info.plist; sourceTree = "<group>"; };
		9961F7161CE8473D0074898A /* LaunchNotificationUITests.xctest */ = {isa = PBXFileReference; explicitFileType = wrapper.cfbundle; includeInIndex = 0; path = LaunchNotificationUITests.xctest; sourceTree = BUILT_PRODUCTS_DIR; };
		9961F71A1CE8473D0074898A /* LaunchNotificationUITests.swift */ = {isa = PBXFileReference; lastKnownFileType = sourcecode.swift; path = LaunchNotificationUITests.swift; sourceTree = "<group>"; };
		9961F71C1CE8473D0074898A /* Info.plist */ = {isa = PBXFileReference; lastKnownFileType = text.plist.xml; path = Info.plist; sourceTree = "<group>"; };
/* End PBXFileReference section */

/* Begin PBXFrameworksBuildPhase section */
		9961F6F41CE8473C0074898A /* Frameworks */ = {
			isa = PBXFrameworksBuildPhase;
			buildActionMask = 2147483647;
			files = (
			);
			runOnlyForDeploymentPostprocessing = 0;
		};
		9961F7081CE8473D0074898A /* Frameworks */ = {
			isa = PBXFrameworksBuildPhase;
			buildActionMask = 2147483647;
			files = (
			);
			runOnlyForDeploymentPostprocessing = 0;
		};
		9961F7131CE8473D0074898A /* Frameworks */ = {
			isa = PBXFrameworksBuildPhase;
			buildActionMask = 2147483647;
			files = (
			);
			runOnlyForDeploymentPostprocessing = 0;
		};
/* End PBXFrameworksBuildPhase section */

/* Begin PBXGroup section */
		9961F6EE1CE8473C0074898A = {
			isa = PBXGroup;
			children = (
				9961F6F91CE8473D0074898A /* LaunchNotification */,
				9961F70E1CE8473D0074898A /* LaunchNotificationTests */,
				9961F7191CE8473D0074898A /* LaunchNotificationUITests */,
				9961F6F81CE8473C0074898A /* Products */,
			);
			sourceTree = "<group>";
		};
		9961F6F81CE8473C0074898A /* Products */ = {
			isa = PBXGroup;
			children = (
				9961F6F71CE8473C0074898A /* LaunchNotification.app */,
				9961F70B1CE8473D0074898A /* LaunchNotificationTests.xctest */,
				9961F7161CE8473D0074898A /* LaunchNotificationUITests.xctest */,
			);
			name = Products;
			sourceTree = "<group>";
		};
		9961F6F91CE8473D0074898A /* LaunchNotification */ = {
			isa = PBXGroup;
			children = (
				9961F6FA1CE8473D0074898A /* AppDelegate.swift */,
				9961F6FC1CE8473D0074898A /* ViewController.swift */,
				9961F6FE1CE8473D0074898A /* Main.storyboard */,
				9961F7011CE8473D0074898A /* Assets.xcassets */,
				9961F7031CE8473D0074898A /* LaunchScreen.storyboard */,
				9961F7061CE8473D0074898A /* Info.plist */,
			);
			path = LaunchNotification;
			sourceTree = "<group>";
		};
		9961F70E1CE8473D0074898A /* LaunchNotificationTests */ = {
			isa = PBXGroup;
			children = (
				9961F70F1CE8473D0074898A /* LaunchNotificationTests.swift */,
				9961F7111CE8473D0074898A /* Info.plist */,
			);
			path = LaunchNotificationTests;
			sourceTree = "<group>";
		};
		9961F7191CE8473D0074898A /* LaunchNotificationUITests */ = {
			isa = PBXGroup;
			children = (
				9961F71A1CE8473D0074898A /* LaunchNotificationUITests.swift */,
				9961F71C1CE8473D0074898A /* Info.plist */,
			);
			path = LaunchNotificationUITests;
			sourceTree = "<group>";
		};
/* End PBXGroup section */

/* Begin PBXNativeTarget section */
		9961F6F61CE8473C0074898A /* LaunchNotification */ = {
			isa = PBXNativeTarget;
			buildConfigurationList = 9961F71F1CE8473D0074898A /* Build configuration list for PBXNativeTarget "LaunchNotification" */;
			buildPhases = (
				9961F6F31CE8473C0074898A /* Sources */,
				9961F6F41CE8473C0074898A /* Frameworks */,
				9961F6F51CE8473C0074898A /* Resources */,
			);
			buildRules = (
			);
			dependencies = (
			);
			name = LaunchNotification;
			productName = LaunchNotification;
			productReference = 9961F6F71CE8473C0074898A /* LaunchNotification.app */;
			productType = "com.apple.product-type.application";
		};
		9961F70A1CE8473D0074898A /* LaunchNotificationTests */ = {
			isa = PBXNativeTarget;
			buildConfigurationList = 9961F7221CE8473D0074898A /* Build configuration list for PBXNativeTarget "LaunchNotificationTests" */;
			buildPhases = (
				9961F7071CE8473D0074898A /* Sources */,
				9961F7081CE8473D0074898A /* Frameworks */,
				9961F7091CE8473D0074898A /* Resources */,
			);
			buildRules = (
			);
			dependencies = (
				9961F70D1CE8473D0074898A /* PBXTargetDependency */,
			);
			name = LaunchNotificationTests;
			productName = LaunchNotificationTests;
			productReference = 9961F70B1CE8473D0074898A /* LaunchNotificationTests.xctest */;
			productType = "com.apple.product-type.bundle.unit-test";
		};
		9961F7151CE8473D0074898A /* LaunchNotificationUITests */ = {
			isa = PBXNativeTarget;
			buildConfigurationList = 9961F7251CE8473D0074898A /* Build configuration list for PBXNativeTarget "LaunchNotificationUITests" */;
			buildPhases = (
				9961F7121CE8473D0074898A /* Sources */,
				9961F7131CE8473D0074898A /* Frameworks */,
				9961F7141CE8473D0074898A /* Resources */,
			);
			buildRules = (
			);
			dependencies = (
				9961F7181CE8473D0074898A /* PBXTargetDependency */,
			);
			name = LaunchNotificationUITests;
			productName = LaunchNotificationUITests;
			productReference = 9961F7161CE8473D0074898A /* LaunchNotificationUITests.xctest */;
			productType = "com.apple.product-type.bundle.ui-testing";
		};
/* End PBXNativeTarget section */

/* Begin PBXProject section */
		9961F6EF1CE8473C0074898A /* Project object */ = {
			isa = PBXProject;
			attributes = {
				LastSwiftUpdateCheck = 0730;
				LastUpgradeCheck = 0730;
				ORGANIZATIONNAME = "Toshiaki Nakamura";
				TargetAttributes = {
					9961F6F61CE8473C0074898A = {
						CreatedOnToolsVersion = 7.3.1;
					};
					9961F70A1CE8473D0074898A = {
						CreatedOnToolsVersion = 7.3.1;
						TestTargetID = 9961F6F61CE8473C0074898A;
					};
					9961F7151CE8473D0074898A = {
						CreatedOnToolsVersion = 7.3.1;
						TestTargetID = 9961F6F61CE8473C0074898A;
					};
				};
			};
			buildConfigurationList = 9961F6F21CE8473C0074898A /* Build configuration list for PBXProject "LaunchNotification" */;
			compatibilityVersion = "Xcode 3.2";
			developmentRegion = English;
			hasScannedForEncodings = 0;
			knownRegions = (
				en,
				Base,
			);
			mainGroup = 9961F6EE1CE8473C0074898A;
			productRefGroup = 9961F6F81CE8473C0074898A /* Products */;
			projectDirPath = "";
			projectRoot = "";
			targets = (
				9961F6F61CE8473C0074898A /* LaunchNotification */,
				9961F70A1CE8473D0074898A /* LaunchNotificationTests */,
				9961F7151CE8473D0074898A /* LaunchNotificationUITests */,
			);
		};
/* End PBXProject section */

/* Begin PBXResourcesBuildPhase section */
		9961F6F51CE8473C0074898A /* Resources */ = {
			isa = PBXResourcesBuildPhase;
			buildActionMask = 2147483647;
			files = (
				9961F7051CE8473D0074898A /* LaunchScreen.storyboard in Resources */,
				9961F7021CE8473D0074898A /* Assets.xcassets in Resources */,
				9961F7001CE8473D0074898A /* Main.storyboard in Resources */,
			);
			runOnlyForDeploymentPostprocessing = 0;
		};
		9961F7091CE8473D0074898A /* Resources */ = {
			isa = PBXResourcesBuildPhase;
			buildActionMask = 2147483647;
			files = (
			);
			runOnlyForDeploymentPostprocessing = 0;
		};
		9961F7141CE8473D0074898A /* Resources */ = {
			isa = PBXResourcesBuildPhase;
			buildActionMask = 2147483647;
			files = (
			);
			runOnlyForDeploymentPostprocessing = 0;
		};
/* End PBXResourcesBuildPhase section */

/* Begin PBXSourcesBuildPhase section */
		9961F6F31CE8473C0074898A /* Sources */ = {
			isa = PBXSourcesBuildPhase;
			buildActionMask = 2147483647;
			files = (
				9961F6FD1CE8473D0074898A /* ViewController.swift in Sources */,
				9961F6FB1CE8473D0074898A /* AppDelegate.swift in Sources */,
			);
			runOnlyForDeploymentPostprocessing = 0;
		};
		9961F7071CE8473D0074898A /* Sources */ = {
			isa = PBXSourcesBuildPhase;
			buildActionMask = 2147483647;
			files = (
				9961F7101CE8473D0074898A /* LaunchNotificationTests.swift in Sources */,
			);
			runOnlyForDeploymentPostprocessing = 0;
		};
		9961F7121CE8473D0074898A /* Sources */ = {
			isa = PBXSourcesBuildPhase;
			buildActionMask = 2147483647;
			files = (
				9961F71B1CE8473D0074898A /* LaunchNotificationUITests.swift in Sources */,
			);
			runOnlyForDeploymentPostprocessing = 0;
		};
/* End PBXSourcesBuildPhase section */

/* Begin PBXTargetDependency section */
		9961F70D1CE8473D0074898A /* PBXTargetDependency */ = {
			isa = PBXTargetDependency;
			target = 9961F6F61CE8473C0074898A /* LaunchNotification */;
			targetProxy = 9961F70C1CE8473D0074898A /* PBXContainerItemProxy */;
		};
		9961F7181CE8473D0074898A /* PBXTargetDependency */ = {
			isa = PBXTargetDependency;
			target = 9961F6F61CE8473C0074898A /* LaunchNotification */;
			targetProxy = 9961F7171CE8473D0074898A /* PBXContainerItemProxy */;
		};
/* End PBXTargetDependency section */

/* Begin PBXVariantGroup section */
		9961F6FE1CE8473D0074898A /* Main.storyboard */ = {
			isa = PBXVariantGroup;
			children = (
				9961F6FF1CE8473D0074898A /* Base */,
			);
			name = Main.storyboard;
			sourceTree = "<group>";
		};
		9961F7031CE8473D0074898A /* LaunchScreen.storyboard */ = {
			isa = PBXVariantGroup;
			children = (
				9961F7041CE8473D0074898A /* Base */,
			);
			name = LaunchScreen.storyboard;
			sourceTree = "<group>";
		};
/* End PBXVariantGroup section */

/* Begin XCBuildConfiguration section */
		9961F71D1CE8473D0074898A /* Debug */ = {
			isa = XCBuildConfiguration;
			buildSettings = {
				ALWAYS_SEARCH_USER_PATHS = NO;
				CLANG_ANALYZER_NONNULL = YES;
				CLANG_CXX_LANGUAGE_STANDARD = "gnu++0x";
				CLANG_CXX_LIBRARY = "libc++";
				CLANG_ENABLE_MODULES = YES;
				CLANG_ENABLE_OBJC_ARC = YES;
				CLANG_WARN_BOOL_CONVERSION = YES;
				CLANG_WARN_CONSTANT_CONVERSION = YES;
				CLANG_WARN_DIRECT_OBJC_ISA_USAGE = YES_ERROR;
				CLANG_WARN_EMPTY_BODY = YES;
				CLANG_WARN_ENUM_CONVERSION = YES;
				CLANG_WARN_INT_CONVERSION = YES;
				CLANG_WARN_OBJC_ROOT_CLASS = YES_ERROR;
				CLANG_WARN_UNREACHABLE_CODE = YES;
				CLANG_WARN__DUPLICATE_METHOD_MATCH = YES;
				"CODE_SIGN_IDENTITY[sdk=iphoneos*]" = "iPhone Developer";
				COPY_PHASE_STRIP = NO;
				DEBUG_INFORMATION_FORMAT = dwarf;
				ENABLE_STRICT_OBJC_MSGSEND = YES;
				ENABLE_TESTABILITY = YES;
				GCC_C_LANGUAGE_STANDARD = gnu99;
				GCC_DYNAMIC_NO_PIC = NO;
				GCC_NO_COMMON_BLOCKS = YES;
				GCC_OPTIMIZATION_LEVEL = 0;
				GCC_PREPROCESSOR_DEFINITIONS = (
					"DEBUG=1",
					"$(inherited)",
				);
				GCC_WARN_64_TO_32_BIT_CONVERSION = YES;
				GCC_WARN_ABOUT_RETURN_TYPE = YES_ERROR;
				GCC_WARN_UNDECLARED_SELECTOR = YES;
				GCC_WARN_UNINITIALIZED_AUTOS = YES_AGGRESSIVE;
				GCC_WARN_UNUSED_FUNCTION = YES;
				GCC_WARN_UNUSED_VARIABLE = YES;
				IPHONEOS_DEPLOYMENT_TARGET = 9.3;
				MTL_ENABLE_DEBUG_INFO = YES;
				ONLY_ACTIVE_ARCH = YES;
				SDKROOT = iphoneos;
				SWIFT_OPTIMIZATION_LEVEL = "-Onone";
			};
			name = Debug;
		};
		9961F71E1CE8473D0074898A /* Release */ = {
			isa = XCBuildConfiguration;
			buildSettings = {
				ALWAYS_SEARCH_USER_PATHS = NO;
				CLANG_ANALYZER_NONNULL = YES;
				CLANG_CXX_LANGUAGE_STANDARD = "gnu++0x";
				CLANG_CXX_LIBRARY = "libc++";
				CLANG_ENABLE_MODULES = YES;
				CLANG_ENABLE_OBJC_ARC = YES;
				CLANG_WARN_BOOL_CONVERSION = YES;
				CLANG_WARN_CONSTANT_CONVERSION = YES;
				CLANG_WARN_DIRECT_OBJC_ISA_USAGE = YES_ERROR;
				CLANG_WARN_EMPTY_BODY = YES;
				CLANG_WARN_ENUM_CONVERSION = YES;
				CLANG_WARN_INT_CONVERSION = YES;
				CLANG_WARN_OBJC_ROOT_CLASS = YES_ERROR;
				CLANG_WARN_UNREACHABLE_CODE = YES;
				CLANG_WARN__DUPLICATE_METHOD_MATCH = YES;
				"CODE_SIGN_IDENTITY[sdk=iphoneos*]" = "iPhone Developer";
				COPY_PHASE_STRIP = NO;
				DEBUG_INFORMATION_FORMAT = "dwarf-with-dsym";
				ENABLE_NS_ASSERTIONS = NO;
				ENABLE_STRICT_OBJC_MSGSEND = YES;
				GCC_C_LANGUAGE_STANDARD = gnu99;
				GCC_NO_COMMON_BLOCKS = YES;
				GCC_WARN_64_TO_32_BIT_CONVERSION = YES;
				GCC_WARN_ABOUT_RETURN_TYPE = YES_ERROR;
				GCC_WARN_UNDECLARED_SELECTOR = YES;
				GCC_WARN_UNINITIALIZED_AUTOS = YES_AGGRESSIVE;
				GCC_WARN_UNUSED_FUNCTION = YES;
				GCC_WARN_UNUSED_VARIABLE = YES;
				IPHONEOS_DEPLOYMENT_TARGET = 9.3;
				MTL_ENABLE_DEBUG_INFO = NO;
				SDKROOT = iphoneos;
				VALIDATE_PRODUCT = YES;
			};
			name = Release;
		};
		9961F7201CE8473D0074898A /* Debug */ = {
			isa = XCBuildConfiguration;
			buildSettings = {
				ASSETCATALOG_COMPILER_APPICON_NAME = AppIcon;
				INFOPLIST_FILE = LaunchNotification/Info.plist;
				LD_RUNPATH_SEARCH_PATHS = "$(inherited) @executable_path/Frameworks";
				PRODUCT_BUNDLE_IDENTIFIER = net.toshi586014.LaunchNotification;
				PRODUCT_NAME = "$(TARGET_NAME)";
			};
			name = Debug;
		};
		9961F7211CE8473D0074898A /* Release */ = {
			isa = XCBuildConfiguration;
			buildSettings = {
				ASSETCATALOG_COMPILER_APPICON_NAME = AppIcon;
				INFOPLIST_FILE = LaunchNotification/Info.plist;
				LD_RUNPATH_SEARCH_PATHS = "$(inherited) @executable_path/Frameworks";
				PRODUCT_BUNDLE_IDENTIFIER = net.toshi586014.LaunchNotification;
				PRODUCT_NAME = "$(TARGET_NAME)";
			};
			name = Release;
		};
		9961F7231CE8473D0074898A /* Debug */ = {
			isa = XCBuildConfiguration;
			buildSettings = {
				BUNDLE_LOADER = "$(TEST_HOST)";
				INFOPLIST_FILE = LaunchNotificationTests/Info.plist;
				LD_RUNPATH_SEARCH_PATHS = "$(inherited) @executable_path/Frameworks @loader_path/Frameworks";
				PRODUCT_BUNDLE_IDENTIFIER = net.toshi586014.LaunchNotificationTests;
				PRODUCT_NAME = "$(TARGET_NAME)";
				TEST_HOST = "$(BUILT_PRODUCTS_DIR)/LaunchNotification.app/LaunchNotification";
			};
			name = Debug;
		};
		9961F7241CE8473D0074898A /* Release */ = {
			isa = XCBuildConfiguration;
			buildSettings = {
				BUNDLE_LOADER = "$(TEST_HOST)";
				INFOPLIST_FILE = LaunchNotificationTests/Info.plist;
				LD_RUNPATH_SEARCH_PATHS = "$(inherited) @executable_path/Frameworks @loader_path/Frameworks";
				PRODUCT_BUNDLE_IDENTIFIER = net.toshi586014.LaunchNotificationTests;
				PRODUCT_NAME = "$(TARGET_NAME)";
				TEST_HOST = "$(BUILT_PRODUCTS_DIR)/LaunchNotification.app/LaunchNotification";
			};
			name = Release;
		};
		9961F7261CE8473D0074898A /* Debug */ = {
			isa = XCBuildConfiguration;
			buildSettings = {
				INFOPLIST_FILE = LaunchNotificationUITests/Info.plist;
				LD_RUNPATH_SEARCH_PATHS = "$(inherited) @executable_path/Frameworks @loader_path/Frameworks";
				PRODUCT_BUNDLE_IDENTIFIER = net.toshi586014.LaunchNotificationUITests;
				PRODUCT_NAME = "$(TARGET_NAME)";
				TEST_TARGET_NAME = LaunchNotification;
			};
			name = Debug;
		};
		9961F7271CE8473D0074898A /* Release */ = {
			isa = XCBuildConfiguration;
			buildSettings = {
				INFOPLIST_FILE = LaunchNotificationUITests/Info.plist;
				LD_RUNPATH_SEARCH_PATHS = "$(inherited) @executable_path/Frameworks @loader_path/Frameworks";
				PRODUCT_BUNDLE_IDENTIFIER = net.toshi586014.LaunchNotificationUITests;
				PRODUCT_NAME = "$(TARGET_NAME)";
				TEST_TARGET_NAME = LaunchNotification;
			};
			name = Release;
		};
/* End XCBuildConfiguration section */

/* Begin XCConfigurationList section */
		9961F6F21CE8473C0074898A /* Build configuration list for PBXProject "LaunchNotification" */ = {
			isa = XCConfigurationList;
			buildConfigurations = (
				9961F71D1CE8473D0074898A /* Debug */,
				9961F71E1CE8473D0074898A /* Release */,
			);
			defaultConfigurationIsVisible = 0;
			defaultConfigurationName = Release;
		};
		9961F71F1CE8473D0074898A /* Build configuration list for PBXNativeTarget "LaunchNotification" */ = {
			isa = XCConfigurationList;
			buildConfigurations = (
				9961F7201CE8473D0074898A /* Debug */,
				9961F7211CE8473D0074898A /* Release */,
			);
			defaultConfigurationIsVisible = 0;
		};
		9961F7221CE8473D0074898A /* Build configuration list for PBXNativeTarget "LaunchNotificationTests" */ = {
			isa = XCConfigurationList;
			buildConfigurations = (
				9961F7231CE8473D0074898A /* Debug */,
				9961F7241CE8473D0074898A /* Release */,
			);
			defaultConfigurationIsVisible = 0;
		};
		9961F7251CE8473D0074898A /* Build configuration list for PBXNativeTarget "LaunchNotificationUITests" */ = {
			isa = XCConfigurationList;
			buildConfigurations = (
				9961F7261CE8473D0074898A /* Debug */,
				9961F7271CE8473D0074898A /* Release */,
			);
			defaultConfigurationIsVisible = 0;
		};
/* End XCConfigurationList section */
	};
	rootObject = 9961F6EF1CE8473C0074898A /* Project object */;
}
